PODS:
  - Bolts (1.9.0):
    - Bolts/AppLinks (= 1.9.0)
    - Bolts/Tasks (= 1.9.0)
  - Bolts/AppLinks (1.9.0):
    - Bolts/Tasks
  - Bolts/Tasks (1.9.0)
  - FacebookCore (0.5.0):
    - Bolts (~> 1.9)
    - FBSDKCoreKit (~> 4.37)
  - FacebookLogin (0.5.0):
    - Bolts (~> 1.9)
    - FacebookCore (~> 0.5)
    - FBSDKCoreKit (~> 4.37)
    - FBSDKLoginKit (~> 4.37)
  - FBSDKCoreKit (4.44.1):
    - Bolts (~> 1.9)
  - FBSDKLoginKit (4.44.1):
    - FBSDKCoreKit
  - Firebase/Auth (4.8.2):
    - Firebase/Core
    - FirebaseAuth (= 4.4.2)
  - Firebase/Core (4.8.2):
    - FirebaseAnalytics (= 4.0.9)
    - FirebaseCore (= 4.0.14)
  - Firebase/Database (4.8.2):
    - Firebase/Core
    - FirebaseDatabase (= 4.1.4)
  - Firebase/Storage (4.8.2):
    - Firebase/Core
    - FirebaseStorage (= 2.1.2)
  - FirebaseAnalytics (4.0.9):
    - FirebaseCore (~> 4.0)
    - FirebaseInstanceID (~> 2.0)
    - "GoogleToolboxForMac/NSData+zlib (~> 2.1)"
    - nanopb (~> 0.3)
  - FirebaseAuth (4.4.2):
    - FirebaseAnalytics (~> 4.0)
    - "GoogleToolboxForMac/NSDictionary+URLArguments (~> 2.1)"
    - GTMSessionFetcher/Core (~> 1.1)
  - FirebaseCore (4.0.14):
    - "GoogleToolboxForMac/NSData+zlib (~> 2.1)"
  - FirebaseDatabase (4.1.4):
    - FirebaseAnalytics (~> 4.0)
    - FirebaseCore (~> 4.0)
    - leveldb-library (~> 1.18)
  - FirebaseInstanceID (2.0.10):
    - FirebaseCore (~> 4.0)
  - FirebaseStorage (2.1.2):
    - FirebaseAnalytics (~> 4.0)
    - FirebaseCore (~> 4.0)
    - GTMSessionFetcher/Core (~> 1.1)
  - GoogleToolboxForMac/DebugUtils (2.2.1):
    - GoogleToolboxForMac/Defines (= 2.2.1)
  - GoogleToolboxForMac/Defines (2.2.1)
  - "GoogleToolboxForMac/NSData+zlib (2.2.1)":
    - GoogleToolboxForMac/Defines (= 2.2.1)
  - "GoogleToolboxForMac/NSDictionary+URLArguments (2.2.1)":
    - GoogleToolboxForMac/DebugUtils (= 2.2.1)
    - GoogleToolboxForMac/Defines (= 2.2.1)
    - "GoogleToolboxForMac/NSString+URLArguments (= 2.2.1)"
  - "GoogleToolboxForMac/NSString+URLArguments (2.2.1)"
  - GTMSessionFetcher/Core (1.2.2)
  - IQKeyboardManagerSwift (6.3.0)
  - leveldb-library (1.20)
  - nanopb (0.3.901):
    - nanopb/decode (= 0.3.901)
    - nanopb/encode (= 0.3.901)
  - nanopb/decode (0.3.901)
  - nanopb/encode (0.3.901)
  - SDWebImage (4.4.6):
    - SDWebImage/Core (= 4.4.6)
  - SDWebImage/Core (4.4.6)
  - SwiftKeychainWrapper (3.3.0)

DEPENDENCIES:
  - FacebookCore (~> 0.5.0)
  - FacebookLogin (~> 0.5.0)
  - Firebase/Auth (~> 4.8.1)
  - Firebase/Core (~> 4.8.1)
  - Firebase/Database (~> 4.8.1)
  - Firebase/Storage (~> 4.8.1)
  - IQKeyboardManagerSwift
  - SDWebImage (~> 4.0)
  - SwiftKeychainWrapper (~> 3.0)

SPEC REPOS:
  https://github.com/cocoapods/specs.git:
    - Bolts
    - FacebookCore
    - FacebookLogin
    - FBSDKCoreKit
    - FBSDKLoginKit
    - Firebase
    - FirebaseAnalytics
    - FirebaseAuth
    - FirebaseCore
    - FirebaseDatabase
    - FirebaseInstanceID
    - FirebaseStorage
    - GoogleToolboxForMac
    - GTMSessionFetcher
    - IQKeyboardManagerSwift
    - leveldb-library
    - nanopb
    - SDWebImage
    - SwiftKeychainWrapper

SPEC CHECKSUMS:
  Bolts: ac6567323eac61e203f6a9763667d0f711be34c8
  FacebookCore: 74288d0add931d361b1596beae787ab72c438249
  FacebookLogin: ebcf34714a1cb9f0759d9f071cfb01ed500996cf
  FBSDKCoreKit: a823ae35bdb60ebb8d7a7e51abe7c5d87d2bfced
  FBSDKLoginKit: 54ae59987f2a8703021557c90a9aebb9e5c2bef6
  Firebase: 7d3b8cd837ad9fcd391657734c0d56dab8e9a5a3
  FirebaseAnalytics: 388b630c15713f5dbf364071f5f3d6077fb52f4e
  FirebaseAuth: bd2738c5c1e92b108ba5f7f7335908097a4e50bb
  FirebaseCore: 2e0b98fb2d64ca8140136beff15772bdd14d2dd7
  FirebaseDatabase: de4446507ccd3257fca37d16f40e1540324571fd
  FirebaseInstanceID: 8d20d890d65c917f9f7d9950b6e10a760ad34321
  FirebaseStorage: 181bb543d39ee3c53e0558de7ba86b1286a0427f
  GoogleToolboxForMac: b3553629623a3b1bff17f555e736cd5a6d95ad55
  GTMSessionFetcher: 61bb0f61a4cb560030f1222021178008a5727a23
  IQKeyboardManagerSwift: a8228c257614af98743b4cd8584637025f36358f
  leveldb-library: 08cba283675b7ed2d99629a4bc5fd052cd2bb6a5
  nanopb: 2901f78ea1b7b4015c860c2fdd1ea2fee1a18d48
  SDWebImage: 3f3f0c02f09798048c47a5ed0a13f17b063572d8
  SwiftKeychainWrapper: ef5ad793bc0e08e24a5913f28345b8f7bc8e4123

PODFILE CHECKSUM: 7a3f0a21941ed2451dbf9a3cabe17cf33e3db664

COCOAPODS: 1.5.3
