// !$*UTF8*$!
{
	archiveVersion = 1;
	classes = {
	};
	objectVersion = 48;
	objects = {

/* Begin PBXBuildFile section */
		4E7370618E403D340CB45C60 /* Pods_PetPlanner.framework in Frameworks */ = {isa = PBXBuildFile; fileRef = A2F17A2546A94CD8AA98F2C9 /* Pods_PetPlanner.framework */; };
		F11B55CC2016BF9200E5F708 /* Constants.swift in Sources */ = {isa = PBXBuildFile; fileRef = F11B55CB2016BF9200E5F708 /* Constants.swift */; };
		F128E146203D36B600444DEE /* DataService.swift in Sources */ = {isa = PBXBuildFile; fileRef = F128E145203D36B600444DEE /* DataService.swift */; };
		F128E148203E818F00444DEE /* ForgotPasswordVC.swift in Sources */ = {isa = PBXBuildFile; fileRef = F128E147203E818F00444DEE /* ForgotPasswordVC.swift */; };
		F128E14A203E8F5400444DEE /* CurvedView.swift in Sources */ = {isa = PBXBuildFile; fileRef = F128E149203E8F5400444DEE /* CurvedView.swift */; };
		F140C184203A5AC70085B70E /* GoogleService-Info.plist in Resources */ = {isa = PBXBuildFile; fileRef = F140C183203A5AC70085B70E /* GoogleService-Info.plist */; };
		F142DA60203675BD00569FAA /* SourceSansPro-SemiBold.ttf in Resources */ = {isa = PBXBuildFile; fileRef = F142DA5C203675BD00569FAA /* SourceSansPro-SemiBold.ttf */; };
		F142DA61203675BD00569FAA /* SourceSansPro-Black.ttf in Resources */ = {isa = PBXBuildFile; fileRef = F142DA5D203675BD00569FAA /* SourceSansPro-Black.ttf */; };
		F142DA62203675BD00569FAA /* SourceSansPro-Regular.ttf in Resources */ = {isa = PBXBuildFile; fileRef = F142DA5E203675BD00569FAA /* SourceSansPro-Regular.ttf */; };
		F142DA63203675BD00569FAA /* SourceSansPro-Bold.ttf in Resources */ = {isa = PBXBuildFile; fileRef = F142DA5F203675BD00569FAA /* SourceSansPro-Bold.ttf */; };
		F142DA652036760B00569FAA /* SourceSerifPro-Regular.ttf in Resources */ = {isa = PBXBuildFile; fileRef = F142DA642036760B00569FAA /* SourceSerifPro-Regular.ttf */; };
		F142DA672036877300569FAA /* CurvedBtn.swift in Sources */ = {isa = PBXBuildFile; fileRef = F142DA662036877300569FAA /* CurvedBtn.swift */; };
		F142DA692036978A00569FAA /* SquareTxtFld.swift in Sources */ = {isa = PBXBuildFile; fileRef = F142DA682036978A00569FAA /* SquareTxtFld.swift */; };
		F142DA6B20369B2C00569FAA /* SquareBtn.swift in Sources */ = {isa = PBXBuildFile; fileRef = F142DA6A20369B2C00569FAA /* SquareBtn.swift */; };
		F14D23322096D6800014B1D6 /* PhotoCell.swift in Sources */ = {isa = PBXBuildFile; fileRef = F14D23312096D6800014B1D6 /* PhotoCell.swift */; };
		F14EA3AD203A8DCA0017B682 /* Convenience.swift in Sources */ = {isa = PBXBuildFile; fileRef = F14EA3AC203A8DCA0017B682 /* Convenience.swift */; };
		F161C9322068AE6900E27455 /* CurvedLbl.swift in Sources */ = {isa = PBXBuildFile; fileRef = F161C9312068AE6900E27455 /* CurvedLbl.swift */; };
		F1771F2B20101B860060AB76 /* AppDelegate.swift in Sources */ = {isa = PBXBuildFile; fileRef = F1771F2A20101B860060AB76 /* AppDelegate.swift */; };
		F1771F2D20101B860060AB76 /* LoginVC.swift in Sources */ = {isa = PBXBuildFile; fileRef = F1771F2C20101B860060AB76 /* LoginVC.swift */; };
		F1771F3020101B860060AB76 /* Main.storyboard in Resources */ = {isa = PBXBuildFile; fileRef = F1771F2E20101B860060AB76 /* Main.storyboard */; };
		F1771F3220101B860060AB76 /* Assets.xcassets in Resources */ = {isa = PBXBuildFile; fileRef = F1771F3120101B860060AB76 /* Assets.xcassets */; };
		F1771F3520101B860060AB76 /* LaunchScreen.storyboard in Resources */ = {isa = PBXBuildFile; fileRef = F1771F3320101B860060AB76 /* LaunchScreen.storyboard */; };
		F1778ED3203FA1FC002C75FC /* PetCell.swift in Sources */ = {isa = PBXBuildFile; fileRef = F1778ED2203FA1FC002C75FC /* PetCell.swift */; };
		F1778ED5203FED3A002C75FC /* ImgAndTxtBtn.swift in Sources */ = {isa = PBXBuildFile; fileRef = F1778ED4203FED3A002C75FC /* ImgAndTxtBtn.swift */; };
		F1778ED7203FF547002C75FC /* ViewPetsVC.swift in Sources */ = {isa = PBXBuildFile; fileRef = F1778ED6203FF547002C75FC /* ViewPetsVC.swift */; };
		F1778ED9203FF566002C75FC /* CreatePetVC.swift in Sources */ = {isa = PBXBuildFile; fileRef = F1778ED8203FF566002C75FC /* CreatePetVC.swift */; };
		F17B1E7E209829FD0015657A /* PetImage.swift in Sources */ = {isa = PBXBuildFile; fileRef = F17B1E7D209829FD0015657A /* PetImage.swift */; };
		F18355482075D336005F47D8 /* HealthInfoVC.swift in Sources */ = {isa = PBXBuildFile; fileRef = F18355472075D336005F47D8 /* HealthInfoVC.swift */; };
		F18AAAFF2091700D001894F0 /* FavsListVC.swift in Sources */ = {isa = PBXBuildFile; fileRef = F18AAAFE2091700D001894F0 /* FavsListVC.swift */; };
		F194B4F620452F0A0072D293 /* PetHealth.swift in Sources */ = {isa = PBXBuildFile; fileRef = F194B4F520452F0A0072D293 /* PetHealth.swift */; };
		F194B4F820452F170072D293 /* PetFavs.swift in Sources */ = {isa = PBXBuildFile; fileRef = F194B4F720452F170072D293 /* PetFavs.swift */; };
		F194B4FA20452F2D0072D293 /* PetEvents.swift in Sources */ = {isa = PBXBuildFile; fileRef = F194B4F920452F2D0072D293 /* PetEvents.swift */; };
		F1958A60205F5309000161A6 /* PetProfileVC.swift in Sources */ = {isa = PBXBuildFile; fileRef = F1958A5F205F5309000161A6 /* PetProfileVC.swift */; };
		F19798112074716000FF86EF /* TakePhotoVC.swift in Sources */ = {isa = PBXBuildFile; fileRef = F19798102074716000FF86EF /* TakePhotoVC.swift */; };
		F19798132074718400FF86EF /* GalleryVC.swift in Sources */ = {isa = PBXBuildFile; fileRef = F19798122074718400FF86EF /* GalleryVC.swift */; };
		F19798152074719800FF86EF /* ViewPhotoVC.swift in Sources */ = {isa = PBXBuildFile; fileRef = F19798142074719800FF86EF /* ViewPhotoVC.swift */; };
		F199C2EC2043975200092E9B /* CircularImgView.swift in Sources */ = {isa = PBXBuildFile; fileRef = F199C2EB2043975200092E9B /* CircularImgView.swift */; };
		F199C2EE2043D13C00092E9B /* PetProfile.swift in Sources */ = {isa = PBXBuildFile; fileRef = F199C2ED2043D13C00092E9B /* PetProfile.swift */; };
		F1C795492036A4BE0059E803 /* CircularBtn.swift in Sources */ = {isa = PBXBuildFile; fileRef = F1C795482036A4BE0059E803 /* CircularBtn.swift */; };
		F1EDE5402075E5BD009C978D /* VetMapVC.swift in Sources */ = {isa = PBXBuildFile; fileRef = F1EDE53F2075E5BD009C978D /* VetMapVC.swift */; };
		F1FBD7CA2010211E00CC1874 /* HomeVC.swift in Sources */ = {isa = PBXBuildFile; fileRef = F1FBD7C92010211E00CC1874 /* HomeVC.swift */; };
/* End PBXBuildFile section */

/* Begin PBXFileReference section */
		2F694CCBF7399E136C711470 /* Pods-PetPlanner.debug.xcconfig */ = {isa = PBXFileReference; includeInIndex = 1; lastKnownFileType = text.xcconfig; name = "Pods-PetPlanner.debug.xcconfig"; path = "Pods/Target Support Files/Pods-PetPlanner/Pods-PetPlanner.debug.xcconfig"; sourceTree = "<group>"; };
		A2F17A2546A94CD8AA98F2C9 /* Pods_PetPlanner.framework */ = {isa = PBXFileReference; explicitFileType = wrapper.framework; includeInIndex = 0; path = Pods_PetPlanner.framework; sourceTree = BUILT_PRODUCTS_DIR; };
		C76881DACA0E78229F95F44C /* Pods-PetPlanner.release.xcconfig */ = {isa = PBXFileReference; includeInIndex = 1; lastKnownFileType = text.xcconfig; name = "Pods-PetPlanner.release.xcconfig"; path = "Pods/Target Support Files/Pods-PetPlanner/Pods-PetPlanner.release.xcconfig"; sourceTree = "<group>"; };
		F11B55CB2016BF9200E5F708 /* Constants.swift */ = {isa = PBXFileReference; lastKnownFileType = sourcecode.swift; path = Constants.swift; sourceTree = "<group>"; };
		F128E145203D36B600444DEE /* DataService.swift */ = {isa = PBXFileReference; lastKnownFileType = sourcecode.swift; path = DataService.swift; sourceTree = "<group>"; };
		F128E147203E818F00444DEE /* ForgotPasswordVC.swift */ = {isa = PBXFileReference; lastKnownFileType = sourcecode.swift; path = ForgotPasswordVC.swift; sourceTree = "<group>"; };
		F128E149203E8F5400444DEE /* CurvedView.swift */ = {isa = PBXFileReference; lastKnownFileType = sourcecode.swift; path = CurvedView.swift; sourceTree = "<group>"; };
		F140C183203A5AC70085B70E /* GoogleService-Info.plist */ = {isa = PBXFileReference; fileEncoding = 4; lastKnownFileType = text.plist.xml; path = "GoogleService-Info.plist"; sourceTree = "<group>"; };
		F142DA5C203675BD00569FAA /* SourceSansPro-SemiBold.ttf */ = {isa = PBXFileReference; lastKnownFileType = file; path = "SourceSansPro-SemiBold.ttf"; sourceTree = "<group>"; };
		F142DA5D203675BD00569FAA /* SourceSansPro-Black.ttf */ = {isa = PBXFileReference; lastKnownFileType = file; path = "SourceSansPro-Black.ttf"; sourceTree = "<group>"; };
		F142DA5E203675BD00569FAA /* SourceSansPro-Regular.ttf */ = {isa = PBXFileReference; lastKnownFileType = file; path = "SourceSansPro-Regular.ttf"; sourceTree = "<group>"; };
		F142DA5F203675BD00569FAA /* SourceSansPro-Bold.ttf */ = {isa = PBXFileReference; lastKnownFileType = file; path = "SourceSansPro-Bold.ttf"; sourceTree = "<group>"; };
		F142DA642036760B00569FAA /* SourceSerifPro-Regular.ttf */ = {isa = PBXFileReference; lastKnownFileType = file; path = "SourceSerifPro-Regular.ttf"; sourceTree = "<group>"; };
		F142DA662036877300569FAA /* CurvedBtn.swift */ = {isa = PBXFileReference; lastKnownFileType = sourcecode.swift; path = CurvedBtn.swift; sourceTree = "<group>"; };
		F142DA682036978A00569FAA /* SquareTxtFld.swift */ = {isa = PBXFileReference; lastKnownFileType = sourcecode.swift; path = SquareTxtFld.swift; sourceTree = "<group>"; };
		F142DA6A20369B2C00569FAA /* SquareBtn.swift */ = {isa = PBXFileReference; lastKnownFileType = sourcecode.swift; path = SquareBtn.swift; sourceTree = "<group>"; };
		F14D23312096D6800014B1D6 /* PhotoCell.swift */ = {isa = PBXFileReference; lastKnownFileType = sourcecode.swift; path = PhotoCell.swift; sourceTree = "<group>"; };
		F14EA3AC203A8DCA0017B682 /* Convenience.swift */ = {isa = PBXFileReference; lastKnownFileType = sourcecode.swift; path = Convenience.swift; sourceTree = "<group>"; };
		F161C9312068AE6900E27455 /* CurvedLbl.swift */ = {isa = PBXFileReference; lastKnownFileType = sourcecode.swift; path = CurvedLbl.swift; sourceTree = "<group>"; };
		F1771F2720101B860060AB76 /* PetPlanner.app */ = {isa = PBXFileReference; explicitFileType = wrapper.application; includeInIndex = 0; path = PetPlanner.app; sourceTree = BUILT_PRODUCTS_DIR; };
		F1771F2A20101B860060AB76 /* AppDelegate.swift */ = {isa = PBXFileReference; lastKnownFileType = sourcecode.swift; path = AppDelegate.swift; sourceTree = "<group>"; };
		F1771F2C20101B860060AB76 /* LoginVC.swift */ = {isa = PBXFileReference; lastKnownFileType = sourcecode.swift; path = LoginVC.swift; sourceTree = "<group>"; };
		F1771F2F20101B860060AB76 /* Base */ = {isa = PBXFileReference; lastKnownFileType = file.storyboard; name = Base; path = Base.lproj/Main.storyboard; sourceTree = "<group>"; };
		F1771F3120101B860060AB76 /* Assets.xcassets */ = {isa = PBXFileReference; lastKnownFileType = folder.assetcatalog; path = Assets.xcassets; sourceTree = "<group>"; };
		F1771F3420101B860060AB76 /* Base */ = {isa = PBXFileReference; lastKnownFileType = file.storyboard; name = Base; path = Base.lproj/LaunchScreen.storyboard; sourceTree = "<group>"; };
		F1771F3620101B860060AB76 /* Info.plist */ = {isa = PBXFileReference; lastKnownFileType = text.plist.xml; path = Info.plist; sourceTree = "<group>"; };
		F1778ED2203FA1FC002C75FC /* PetCell.swift */ = {isa = PBXFileReference; lastKnownFileType = sourcecode.swift; path = PetCell.swift; sourceTree = "<group>"; };
		F1778ED4203FED3A002C75FC /* ImgAndTxtBtn.swift */ = {isa = PBXFileReference; lastKnownFileType = sourcecode.swift; path = ImgAndTxtBtn.swift; sourceTree = "<group>"; };
		F1778ED6203FF547002C75FC /* ViewPetsVC.swift */ = {isa = PBXFileReference; lastKnownFileType = sourcecode.swift; path = ViewPetsVC.swift; sourceTree = "<group>"; };
		F1778ED8203FF566002C75FC /* CreatePetVC.swift */ = {isa = PBXFileReference; lastKnownFileType = sourcecode.swift; path = CreatePetVC.swift; sourceTree = "<group>"; };
		F17B1E7D209829FD0015657A /* PetImage.swift */ = {isa = PBXFileReference; lastKnownFileType = sourcecode.swift; path = PetImage.swift; sourceTree = "<group>"; };
		F18355472075D336005F47D8 /* HealthInfoVC.swift */ = {isa = PBXFileReference; lastKnownFileType = sourcecode.swift; path = HealthInfoVC.swift; sourceTree = "<group>"; };
		F18AAAFE2091700D001894F0 /* FavsListVC.swift */ = {isa = PBXFileReference; lastKnownFileType = sourcecode.swift; path = FavsListVC.swift; sourceTree = "<group>"; };
		F194B4F520452F0A0072D293 /* PetHealth.swift */ = {isa = PBXFileReference; lastKnownFileType = sourcecode.swift; path = PetHealth.swift; sourceTree = "<group>"; };
		F194B4F720452F170072D293 /* PetFavs.swift */ = {isa = PBXFileReference; lastKnownFileType = sourcecode.swift; path = PetFavs.swift; sourceTree = "<group>"; };
		F194B4F920452F2D0072D293 /* PetEvents.swift */ = {isa = PBXFileReference; lastKnownFileType = sourcecode.swift; path = PetEvents.swift; sourceTree = "<group>"; };
		F1958A5F205F5309000161A6 /* PetProfileVC.swift */ = {isa = PBXFileReference; lastKnownFileType = sourcecode.swift; path = PetProfileVC.swift; sourceTree = "<group>"; };
		F19798102074716000FF86EF /* TakePhotoVC.swift */ = {isa = PBXFileReference; lastKnownFileType = sourcecode.swift; path = TakePhotoVC.swift; sourceTree = "<group>"; };
		F19798122074718400FF86EF /* GalleryVC.swift */ = {isa = PBXFileReference; lastKnownFileType = sourcecode.swift; path = GalleryVC.swift; sourceTree = "<group>"; };
		F19798142074719800FF86EF /* ViewPhotoVC.swift */ = {isa = PBXFileReference; lastKnownFileType = sourcecode.swift; path = ViewPhotoVC.swift; sourceTree = "<group>"; };
		F199C2EB2043975200092E9B /* CircularImgView.swift */ = {isa = PBXFileReference; lastKnownFileType = sourcecode.swift; path = CircularImgView.swift; sourceTree = "<group>"; };
		F199C2ED2043D13C00092E9B /* PetProfile.swift */ = {isa = PBXFileReference; lastKnownFileType = sourcecode.swift; path = PetProfile.swift; sourceTree = "<group>"; };
		F1C795482036A4BE0059E803 /* CircularBtn.swift */ = {isa = PBXFileReference; lastKnownFileType = sourcecode.swift; path = CircularBtn.swift; sourceTree = "<group>"; };
		F1EDE53F2075E5BD009C978D /* VetMapVC.swift */ = {isa = PBXFileReference; lastKnownFileType = sourcecode.swift; path = VetMapVC.swift; sourceTree = "<group>"; };
		F1FBD7C92010211E00CC1874 /* HomeVC.swift */ = {isa = PBXFileReference; lastKnownFileType = sourcecode.swift; path = HomeVC.swift; sourceTree = "<group>"; };
/* End PBXFileReference section */

/* Begin PBXFrameworksBuildPhase section */
		F1771F2420101B860060AB76 /* Frameworks */ = {
			isa = PBXFrameworksBuildPhase;
			buildActionMask = 2147483647;
			files = (
				4E7370618E403D340CB45C60 /* Pods_PetPlanner.framework in Frameworks */,
			);
			runOnlyForDeploymentPostprocessing = 0;
		};
/* End PBXFrameworksBuildPhase section */

/* Begin PBXGroup section */
		DE2BFFB805216CAC4154041B /* Pods */ = {
			isa = PBXGroup;
			children = (
				2F694CCBF7399E136C711470 /* Pods-PetPlanner.debug.xcconfig */,
				C76881DACA0E78229F95F44C /* Pods-PetPlanner.release.xcconfig */,
			);
			name = Pods;
			sourceTree = "<group>";
		};
		F11B55CA2016BF8000E5F708 /* Utilities */ = {
			isa = PBXGroup;
			children = (
				F11B55CB2016BF9200E5F708 /* Constants.swift */,
				F14EA3AC203A8DCA0017B682 /* Convenience.swift */,
				F128E145203D36B600444DEE /* DataService.swift */,
			);
			path = Utilities;
			sourceTree = "<group>";
		};
		F142DA5B203675AD00569FAA /* Fonts */ = {
			isa = PBXGroup;
			children = (
				F142DA5D203675BD00569FAA /* SourceSansPro-Black.ttf */,
				F142DA5F203675BD00569FAA /* SourceSansPro-Bold.ttf */,
				F142DA5E203675BD00569FAA /* SourceSansPro-Regular.ttf */,
				F142DA5C203675BD00569FAA /* SourceSansPro-SemiBold.ttf */,
				F142DA642036760B00569FAA /* SourceSerifPro-Regular.ttf */,
			);
			path = Fonts;
			sourceTree = "<group>";
		};
		F1771F1E20101B860060AB76 = {
			isa = PBXGroup;
			children = (
				F1771F2920101B860060AB76 /* PetPlanner */,
				F1771F2820101B860060AB76 /* Products */,
				DE2BFFB805216CAC4154041B /* Pods */,
				F48FBAD5EB145DE34FD96B9B /* Frameworks */,
			);
			sourceTree = "<group>";
		};
		F1771F2820101B860060AB76 /* Products */ = {
			isa = PBXGroup;
			children = (
				F1771F2720101B860060AB76 /* PetPlanner.app */,
			);
			name = Products;
			sourceTree = "<group>";
		};
		F1771F2920101B860060AB76 /* PetPlanner */ = {
			isa = PBXGroup;
			children = (
				F11B55CA2016BF8000E5F708 /* Utilities */,
				F1771F2A20101B860060AB76 /* AppDelegate.swift */,
				F1FBD7CB2010215E00CC1874 /* Model */,
				F1FBD7CC2010216500CC1874 /* View */,
				F1FBD7CD2010216D00CC1874 /* Controller */,
				F1771F2E20101B860060AB76 /* Main.storyboard */,
				F1771F3120101B860060AB76 /* Assets.xcassets */,
				F142DA5B203675AD00569FAA /* Fonts */,
				F1771F3320101B860060AB76 /* LaunchScreen.storyboard */,
				F140C183203A5AC70085B70E /* GoogleService-Info.plist */,
				F1771F3620101B860060AB76 /* Info.plist */,
			);
			path = PetPlanner;
			sourceTree = "<group>";
		};
		F1FBD7CB2010215E00CC1874 /* Model */ = {
			isa = PBXGroup;
			children = (
				F199C2ED2043D13C00092E9B /* PetProfile.swift */,
				F17B1E7D209829FD0015657A /* PetImage.swift */,
				F194B4F520452F0A0072D293 /* PetHealth.swift */,
				F194B4F720452F170072D293 /* PetFavs.swift */,
				F194B4F920452F2D0072D293 /* PetEvents.swift */,
			);
			path = Model;
			sourceTree = "<group>";
		};
		F1FBD7CC2010216500CC1874 /* View */ = {
			isa = PBXGroup;
			children = (
				F142DA662036877300569FAA /* CurvedBtn.swift */,
				F1778ED4203FED3A002C75FC /* ImgAndTxtBtn.swift */,
				F1C795482036A4BE0059E803 /* CircularBtn.swift */,
				F142DA6A20369B2C00569FAA /* SquareBtn.swift */,
				F199C2EB2043975200092E9B /* CircularImgView.swift */,
				F161C9312068AE6900E27455 /* CurvedLbl.swift */,
				F142DA682036978A00569FAA /* SquareTxtFld.swift */,
				F128E149203E8F5400444DEE /* CurvedView.swift */,
				F1778ED2203FA1FC002C75FC /* PetCell.swift */,
				F14D23312096D6800014B1D6 /* PhotoCell.swift */,
			);
			path = View;
			sourceTree = "<group>";
		};
		F1FBD7CD2010216D00CC1874 /* Controller */ = {
			isa = PBXGroup;
			children = (
				F1771F2C20101B860060AB76 /* LoginVC.swift */,
				F128E147203E818F00444DEE /* ForgotPasswordVC.swift */,
				F1FBD7C92010211E00CC1874 /* HomeVC.swift */,
				F1778ED6203FF547002C75FC /* ViewPetsVC.swift */,
				F1778ED8203FF566002C75FC /* CreatePetVC.swift */,
				F1958A5F205F5309000161A6 /* PetProfileVC.swift */,
				F19798102074716000FF86EF /* TakePhotoVC.swift */,
				F19798122074718400FF86EF /* GalleryVC.swift */,
				F19798142074719800FF86EF /* ViewPhotoVC.swift */,
				F18355472075D336005F47D8 /* HealthInfoVC.swift */,
				F1EDE53F2075E5BD009C978D /* VetMapVC.swift */,
				F18AAAFE2091700D001894F0 /* FavsListVC.swift */,
			);
			path = Controller;
			sourceTree = "<group>";
		};
		F48FBAD5EB145DE34FD96B9B /* Frameworks */ = {
			isa = PBXGroup;
			children = (
				A2F17A2546A94CD8AA98F2C9 /* Pods_PetPlanner.framework */,
			);
			name = Frameworks;
			sourceTree = "<group>";
		};
/* End PBXGroup section */

/* Begin PBXNativeTarget section */
		F1771F2620101B860060AB76 /* PetPlanner */ = {
			isa = PBXNativeTarget;
			buildConfigurationList = F1771F3920101B860060AB76 /* Build configuration list for PBXNativeTarget "PetPlanner" */;
			buildPhases = (
				54FC851873D48E838C68AC31 /* [CP] Check Pods Manifest.lock */,
				F1771F2320101B860060AB76 /* Sources */,
				F1771F2420101B860060AB76 /* Frameworks */,
				F1771F2520101B860060AB76 /* Resources */,
				C1323B30C041A4D1186A6EF9 /* [CP] Embed Pods Frameworks */,
				295421B72292F27EF8280F11 /* [CP] Copy Pods Resources */,
			);
			buildRules = (
			);
			dependencies = (
			);
			name = PetPlanner;
			productName = PetPlanner;
			productReference = F1771F2720101B860060AB76 /* PetPlanner.app */;
			productType = "com.apple.product-type.application";
		};
/* End PBXNativeTarget section */

/* Begin PBXProject section */
		F1771F1F20101B860060AB76 /* Project object */ = {
			isa = PBXProject;
			attributes = {
				LastSwiftUpdateCheck = 0910;
				LastUpgradeCheck = 0930;
				ORGANIZATIONNAME = "Caroline Davis";
				TargetAttributes = {
					F1771F2620101B860060AB76 = {
						CreatedOnToolsVersion = 9.1;
						ProvisioningStyle = Automatic;
					};
				};
			};
			buildConfigurationList = F1771F2220101B860060AB76 /* Build configuration list for PBXProject "PetPlanner" */;
			compatibilityVersion = "Xcode 8.0";
			developmentRegion = en;
			hasScannedForEncodings = 0;
			knownRegions = (
				en,
				Base,
			);
			mainGroup = F1771F1E20101B860060AB76;
			productRefGroup = F1771F2820101B860060AB76 /* Products */;
			projectDirPath = "";
			projectRoot = "";
			targets = (
				F1771F2620101B860060AB76 /* PetPlanner */,
			);
		};
/* End PBXProject section */

/* Begin PBXResourcesBuildPhase section */
		F1771F2520101B860060AB76 /* Resources */ = {
			isa = PBXResourcesBuildPhase;
			buildActionMask = 2147483647;
			files = (
				F1771F3520101B860060AB76 /* LaunchScreen.storyboard in Resources */,
				F142DA60203675BD00569FAA /* SourceSansPro-SemiBold.ttf in Resources */,
				F140C184203A5AC70085B70E /* GoogleService-Info.plist in Resources */,
				F142DA62203675BD00569FAA /* SourceSansPro-Regular.ttf in Resources */,
				F1771F3220101B860060AB76 /* Assets.xcassets in Resources */,
				F142DA61203675BD00569FAA /* SourceSansPro-Black.ttf in Resources */,
				F142DA652036760B00569FAA /* SourceSerifPro-Regular.ttf in Resources */,
				F1771F3020101B860060AB76 /* Main.storyboard in Resources */,
				F142DA63203675BD00569FAA /* SourceSansPro-Bold.ttf in Resources */,
			);
			runOnlyForDeploymentPostprocessing = 0;
		};
/* End PBXResourcesBuildPhase section */

/* Begin PBXShellScriptBuildPhase section */
		295421B72292F27EF8280F11 /* [CP] Copy Pods Resources */ = {
			isa = PBXShellScriptBuildPhase;
			buildActionMask = 2147483647;
			files = (
			);
			inputPaths = (
			);
			name = "[CP] Copy Pods Resources";
			outputPaths = (
			);
			runOnlyForDeploymentPostprocessing = 0;
			shellPath = /bin/sh;
			shellScript = "\"${SRCROOT}/Pods/Target Support Files/Pods-PetPlanner/Pods-PetPlanner-resources.sh\"\n";
			showEnvVarsInLog = 0;
		};
		54FC851873D48E838C68AC31 /* [CP] Check Pods Manifest.lock */ = {
			isa = PBXShellScriptBuildPhase;
			buildActionMask = 2147483647;
			files = (
			);
			inputPaths = (
				"${PODS_PODFILE_DIR_PATH}/Podfile.lock",
				"${PODS_ROOT}/Manifest.lock",
			);
			name = "[CP] Check Pods Manifest.lock";
			outputPaths = (
				"$(DERIVED_FILE_DIR)/Pods-PetPlanner-checkManifestLockResult.txt",
			);
			runOnlyForDeploymentPostprocessing = 0;
			shellPath = /bin/sh;
			shellScript = "diff \"${PODS_PODFILE_DIR_PATH}/Podfile.lock\" \"${PODS_ROOT}/Manifest.lock\" > /dev/null\nif [ $? != 0 ] ; then\n    # print error to STDERR\n    echo \"error: The sandbox is not in sync with the Podfile.lock. Run 'pod install' or update your CocoaPods installation.\" >&2\n    exit 1\nfi\n# This output is used by Xcode 'outputs' to avoid re-running this script phase.\necho \"SUCCESS\" > \"${SCRIPT_OUTPUT_FILE_0}\"\n";
			showEnvVarsInLog = 0;
		};
		C1323B30C041A4D1186A6EF9 /* [CP] Embed Pods Frameworks */ = {
			isa = PBXShellScriptBuildPhase;
			buildActionMask = 2147483647;
			files = (
			);
			inputPaths = (
				"${SRCROOT}/Pods/Target Support Files/Pods-PetPlanner/Pods-PetPlanner-frameworks.sh",
				"${BUILT_PRODUCTS_DIR}/GTMSessionFetcher/GTMSessionFetcher.framework",
				"${BUILT_PRODUCTS_DIR}/GoogleToolboxForMac/GoogleToolboxForMac.framework",
				"${BUILT_PRODUCTS_DIR}/SDWebImage/SDWebImage.framework",
				"${BUILT_PRODUCTS_DIR}/SwiftKeychainWrapper/SwiftKeychainWrapper.framework",
				"${BUILT_PRODUCTS_DIR}/leveldb-library/leveldb.framework",
				"${BUILT_PRODUCTS_DIR}/nanopb/nanopb.framework",
			);
			name = "[CP] Embed Pods Frameworks";
			outputPaths = (
				"${TARGET_BUILD_DIR}/${FRAMEWORKS_FOLDER_PATH}/GTMSessionFetcher.framework",
				"${TARGET_BUILD_DIR}/${FRAMEWORKS_FOLDER_PATH}/GoogleToolboxForMac.framework",
				"${TARGET_BUILD_DIR}/${FRAMEWORKS_FOLDER_PATH}/SDWebImage.framework",
				"${TARGET_BUILD_DIR}/${FRAMEWORKS_FOLDER_PATH}/SwiftKeychainWrapper.framework",
				"${TARGET_BUILD_DIR}/${FRAMEWORKS_FOLDER_PATH}/leveldb.framework",
				"${TARGET_BUILD_DIR}/${FRAMEWORKS_FOLDER_PATH}/nanopb.framework",
			);
			runOnlyForDeploymentPostprocessing = 0;
			shellPath = /bin/sh;
			shellScript = "\"${SRCROOT}/Pods/Target Support Files/Pods-PetPlanner/Pods-PetPlanner-frameworks.sh\"\n";
			showEnvVarsInLog = 0;
		};
/* End PBXShellScriptBuildPhase section */

/* Begin PBXSourcesBuildPhase section */
		F1771F2320101B860060AB76 /* Sources */ = {
			isa = PBXSourcesBuildPhase;
			buildActionMask = 2147483647;
			files = (
				F1778ED7203FF547002C75FC /* ViewPetsVC.swift in Sources */,
				F19798132074718400FF86EF /* GalleryVC.swift in Sources */,
				F17B1E7E209829FD0015657A /* PetImage.swift in Sources */,
				F142DA692036978A00569FAA /* SquareTxtFld.swift in Sources */,
				F1778ED9203FF566002C75FC /* CreatePetVC.swift in Sources */,
				F199C2EE2043D13C00092E9B /* PetProfile.swift in Sources */,
				F194B4F620452F0A0072D293 /* PetHealth.swift in Sources */,
				F142DA672036877300569FAA /* CurvedBtn.swift in Sources */,
				F1958A60205F5309000161A6 /* PetProfileVC.swift in Sources */,
				F1778ED3203FA1FC002C75FC /* PetCell.swift in Sources */,
				F1771F2D20101B860060AB76 /* LoginVC.swift in Sources */,
				F128E148203E818F00444DEE /* ForgotPasswordVC.swift in Sources */,
				F1FBD7CA2010211E00CC1874 /* HomeVC.swift in Sources */,
				F199C2EC2043975200092E9B /* CircularImgView.swift in Sources */,
				F18355482075D336005F47D8 /* HealthInfoVC.swift in Sources */,
				F1771F2B20101B860060AB76 /* AppDelegate.swift in Sources */,
				F1778ED5203FED3A002C75FC /* ImgAndTxtBtn.swift in Sources */,
				F14D23322096D6800014B1D6 /* PhotoCell.swift in Sources */,
				F194B4F820452F170072D293 /* PetFavs.swift in Sources */,
				F1C795492036A4BE0059E803 /* CircularBtn.swift in Sources */,
				F128E14A203E8F5400444DEE /* CurvedView.swift in Sources */,
				F142DA6B20369B2C00569FAA /* SquareBtn.swift in Sources */,
				F161C9322068AE6900E27455 /* CurvedLbl.swift in Sources */,
				F19798152074719800FF86EF /* ViewPhotoVC.swift in Sources */,
				F14EA3AD203A8DCA0017B682 /* Convenience.swift in Sources */,
				F19798112074716000FF86EF /* TakePhotoVC.swift in Sources */,
				F18AAAFF2091700D001894F0 /* FavsListVC.swift in Sources */,
				F11B55CC2016BF9200E5F708 /* Constants.swift in Sources */,
				F128E146203D36B600444DEE /* DataService.swift in Sources */,
				F194B4FA20452F2D0072D293 /* PetEvents.swift in Sources */,
				F1EDE5402075E5BD009C978D /* VetMapVC.swift in Sources */,
			);
			runOnlyForDeploymentPostprocessing = 0;
		};
/* End PBXSourcesBuildPhase section */

/* Begin PBXVariantGroup section */
		F1771F2E20101B860060AB76 /* Main.storyboard */ = {
			isa = PBXVariantGroup;
			children = (
				F1771F2F20101B860060AB76 /* Base */,
			);
			name = Main.storyboard;
			sourceTree = "<group>";
		};
		F1771F3320101B860060AB76 /* LaunchScreen.storyboard */ = {
			isa = PBXVariantGroup;
			children = (
				F1771F3420101B860060AB76 /* Base */,
			);
			name = LaunchScreen.storyboard;
			sourceTree = "<group>";
		};
/* End PBXVariantGroup section */

/* Begin XCBuildConfiguration section */
		F1771F3720101B860060AB76 /* Debug */ = {
			isa = XCBuildConfiguration;
			buildSettings = {
				ALWAYS_SEARCH_USER_PATHS = NO;
				CLANG_ANALYZER_NONNULL = YES;
				CLANG_ANALYZER_NUMBER_OBJECT_CONVERSION = YES_AGGRESSIVE;
				CLANG_CXX_LANGUAGE_STANDARD = "gnu++14";
				CLANG_CXX_LIBRARY = "libc++";
				CLANG_ENABLE_MODULES = YES;
				CLANG_ENABLE_OBJC_ARC = YES;
				CLANG_WARN_BLOCK_CAPTURE_AUTORELEASING = YES;
				CLANG_WARN_BOOL_CONVERSION = YES;
				CLANG_WARN_COMMA = YES;
				CLANG_WARN_CONSTANT_CONVERSION = YES;
				CLANG_WARN_DEPRECATED_OBJC_IMPLEMENTATIONS = YES;
				CLANG_WARN_DIRECT_OBJC_ISA_USAGE = YES_ERROR;
				CLANG_WARN_DOCUMENTATION_COMMENTS = YES;
				CLANG_WARN_EMPTY_BODY = YES;
				CLANG_WARN_ENUM_CONVERSION = YES;
				CLANG_WARN_INFINITE_RECURSION = YES;
				CLANG_WARN_INT_CONVERSION = YES;
				CLANG_WARN_NON_LITERAL_NULL_CONVERSION = YES;
				CLANG_WARN_OBJC_IMPLICIT_RETAIN_SELF = YES;
				CLANG_WARN_OBJC_LITERAL_CONVERSION = YES;
				CLANG_WARN_OBJC_ROOT_CLASS = YES_ERROR;
				CLANG_WARN_RANGE_LOOP_ANALYSIS = YES;
				CLANG_WARN_STRICT_PROTOTYPES = YES;
				CLANG_WARN_SUSPICIOUS_MOVE = YES;
				CLANG_WARN_UNGUARDED_AVAILABILITY = YES_AGGRESSIVE;
				CLANG_WARN_UNREACHABLE_CODE = YES;
				CLANG_WARN__DUPLICATE_METHOD_MATCH = YES;
				CODE_SIGN_IDENTITY = "iPhone Developer";
				COPY_PHASE_STRIP = NO;
				DEBUG_INFORMATION_FORMAT = dwarf;
				ENABLE_STRICT_OBJC_MSGSEND = YES;
				ENABLE_TESTABILITY = YES;
				GCC_C_LANGUAGE_STANDARD = gnu11;
				GCC_DYNAMIC_NO_PIC = NO;
				GCC_NO_COMMON_BLOCKS = YES;
				GCC_OPTIMIZATION_LEVEL = 0;
				GCC_PREPROCESSOR_DEFINITIONS = (
					"DEBUG=1",
					"$(inherited)",
				);
				GCC_WARN_64_TO_32_BIT_CONVERSION = YES;
				GCC_WARN_ABOUT_RETURN_TYPE = YES_ERROR;
				GCC_WARN_UNDECLARED_SELECTOR = YES;
				GCC_WARN_UNINITIALIZED_AUTOS = YES_AGGRESSIVE;
				GCC_WARN_UNUSED_FUNCTION = YES;
				GCC_WARN_UNUSED_VARIABLE = YES;
				IPHONEOS_DEPLOYMENT_TARGET = 11.1;
				MTL_ENABLE_DEBUG_INFO = YES;
				ONLY_ACTIVE_ARCH = YES;
				SDKROOT = iphoneos;
				SWIFT_ACTIVE_COMPILATION_CONDITIONS = DEBUG;
				SWIFT_OPTIMIZATION_LEVEL = "-Onone";
			};
			name = Debug;
		};
		F1771F3820101B860060AB76 /* Release */ = {
			isa = XCBuildConfiguration;
			buildSettings = {
				ALWAYS_SEARCH_USER_PATHS = NO;
				CLANG_ANALYZER_NONNULL = YES;
				CLANG_ANALYZER_NUMBER_OBJECT_CONVERSION = YES_AGGRESSIVE;
				CLANG_CXX_LANGUAGE_STANDARD = "gnu++14";
				CLANG_CXX_LIBRARY = "libc++";
				CLANG_ENABLE_MODULES = YES;
				CLANG_ENABLE_OBJC_ARC = YES;
				CLANG_WARN_BLOCK_CAPTURE_AUTORELEASING = YES;
				CLANG_WARN_BOOL_CONVERSION = YES;
				CLANG_WARN_COMMA = YES;
				CLANG_WARN_CONSTANT_CONVERSION = YES;
				CLANG_WARN_DEPRECATED_OBJC_IMPLEMENTATIONS = YES;
				CLANG_WARN_DIRECT_OBJC_ISA_USAGE = YES_ERROR;
				CLANG_WARN_DOCUMENTATION_COMMENTS = YES;
				CLANG_WARN_EMPTY_BODY = YES;
				CLANG_WARN_ENUM_CONVERSION = YES;
				CLANG_WARN_INFINITE_RECURSION = YES;
				CLANG_WARN_INT_CONVERSION = YES;
				CLANG_WARN_NON_LITERAL_NULL_CONVERSION = YES;
				CLANG_WARN_OBJC_IMPLICIT_RETAIN_SELF = YES;
				CLANG_WARN_OBJC_LITERAL_CONVERSION = YES;
				CLANG_WARN_OBJC_ROOT_CLASS = YES_ERROR;
				CLANG_WARN_RANGE_LOOP_ANALYSIS = YES;
				CLANG_WARN_STRICT_PROTOTYPES = YES;
				CLANG_WARN_SUSPICIOUS_MOVE = YES;
				CLANG_WARN_UNGUARDED_AVAILABILITY = YES_AGGRESSIVE;
				CLANG_WARN_UNREACHABLE_CODE = YES;
				CLANG_WARN__DUPLICATE_METHOD_MATCH = YES;
				CODE_SIGN_IDENTITY = "iPhone Developer";
				COPY_PHASE_STRIP = NO;
				DEBUG_INFORMATION_FORMAT = "dwarf-with-dsym";
				ENABLE_NS_ASSERTIONS = NO;
				ENABLE_STRICT_OBJC_MSGSEND = YES;
				GCC_C_LANGUAGE_STANDARD = gnu11;
				GCC_NO_COMMON_BLOCKS = YES;
				GCC_WARN_64_TO_32_BIT_CONVERSION = YES;
				GCC_WARN_ABOUT_RETURN_TYPE = YES_ERROR;
				GCC_WARN_UNDECLARED_SELECTOR = YES;
				GCC_WARN_UNINITIALIZED_AUTOS = YES_AGGRESSIVE;
				GCC_WARN_UNUSED_FUNCTION = YES;
				GCC_WARN_UNUSED_VARIABLE = YES;
				IPHONEOS_DEPLOYMENT_TARGET = 11.1;
				MTL_ENABLE_DEBUG_INFO = NO;
				SDKROOT = iphoneos;
				SWIFT_OPTIMIZATION_LEVEL = "-Owholemodule";
				VALIDATE_PRODUCT = YES;
			};
			name = Release;
		};
		F1771F3A20101B860060AB76 /* Debug */ = {
			isa = XCBuildConfiguration;
			baseConfigurationReference = 2F694CCBF7399E136C711470 /* Pods-PetPlanner.debug.xcconfig */;
			buildSettings = {
				ASSETCATALOG_COMPILER_APPICON_NAME = AppIcon;
				CODE_SIGN_IDENTITY = "iPhone Developer";
				CODE_SIGN_STYLE = Automatic;
				DEVELOPMENT_TEAM = 2UNXUT4D3C;
				FRAMEWORK_SEARCH_PATHS = (
					"$(inherited)",
					"$(PROJECT_DIR)",
				);
				INFOPLIST_FILE = PetPlanner/Info.plist;
				IPHONEOS_DEPLOYMENT_TARGET = 11.3;
				LD_RUNPATH_SEARCH_PATHS = "$(inherited) @executable_path/Frameworks";
				PRODUCT_BUNDLE_IDENTIFIER = com.carolinedavis.PetPlanner;
				PRODUCT_NAME = "$(TARGET_NAME)";
				PROVISIONING_PROFILE_SPECIFIER = "";
				SWIFT_VERSION = 4.0;
				TARGETED_DEVICE_FAMILY = 1;
			};
			name = Debug;
		};
		F1771F3B20101B860060AB76 /* Release */ = {
			isa = XCBuildConfiguration;
			baseConfigurationReference = C76881DACA0E78229F95F44C /* Pods-PetPlanner.release.xcconfig */;
			buildSettings = {
				ASSETCATALOG_COMPILER_APPICON_NAME = AppIcon;
				CODE_SIGN_IDENTITY = "iPhone Developer";
				CODE_SIGN_STYLE = Automatic;
				DEVELOPMENT_TEAM = 2UNXUT4D3C;
				FRAMEWORK_SEARCH_PATHS = (
					"$(inherited)",
					"$(PROJECT_DIR)",
				);
				INFOPLIST_FILE = PetPlanner/Info.plist;
				IPHONEOS_DEPLOYMENT_TARGET = 11.3;
				LD_RUNPATH_SEARCH_PATHS = "$(inherited) @executable_path/Frameworks";
				PRODUCT_BUNDLE_IDENTIFIER = com.carolinedavis.PetPlanner;
				PRODUCT_NAME = "$(TARGET_NAME)";
				PROVISIONING_PROFILE_SPECIFIER = "";
				SWIFT_VERSION = 4.0;
				TARGETED_DEVICE_FAMILY = 1;
			};
			name = Release;
		};
/* End XCBuildConfiguration section */

/* Begin XCConfigurationList section */
		F1771F2220101B860060AB76 /* Build configuration list for PBXProject "PetPlanner" */ = {
			isa = XCConfigurationList;
			buildConfigurations = (
				F1771F3720101B860060AB76 /* Debug */,
				F1771F3820101B860060AB76 /* Release */,
			);
			defaultConfigurationIsVisible = 0;
			defaultConfigurationName = Release;
		};
		F1771F3920101B860060AB76 /* Build configuration list for PBXNativeTarget "PetPlanner" */ = {
			isa = XCConfigurationList;
			buildConfigurations = (
				F1771F3A20101B860060AB76 /* Debug */,
				F1771F3B20101B860060AB76 /* Release */,
			);
			defaultConfigurationIsVisible = 0;
			defaultConfigurationName = Release;
		};
/* End XCConfigurationList section */
	};
	rootObject = F1771F1F20101B860060AB76 /* Project object */;
}
